
Microsoft Visual Studio Solution File, Format Version 12.00
# Visual Studio Version 16
VisualStudioVersion = 16.0.30406.217
MinimumVisualStudioVersion = 10.0.40219.1
Project("{9A19103F-16F7-4668-BE54-9A1E7A4F7556}") = "Microservice-Kafka.Business", "Microservice-Kafka.Business\Microservice-Kafka.Business.csproj", "{D141AEB4-DFCF-4546-A7B8-8EFADCA6D9B6}"
EndProject
Project("{9A19103F-16F7-4668-BE54-9A1E7A4F7556}") = "Microservice-Kafka.Common", "Microservice-Kafka.Common\Microservice-Kafka.Common.csproj", "{1E65531F-0955-43EE-ABA3-CC306B2C2B16}"
EndProject
Project("{9A19103F-16F7-4668-BE54-9A1E7A4F7556}") = "MicroService-Kafka.ApiUI", "MicroService-Kafka.ApiUI\MicroService-Kafka.ApiUI.csproj", "{155F783F-C097-4082-AC4B-A002706F154E}"
EndProject
Project("{9A19103F-16F7-4668-BE54-9A1E7A4F7556}") = "MicroService-Kafka.ApiMessage", "MicroService-Kafka.ApiMessage\MicroService-Kafka.ApiMessage.csproj", "{C78303BD-320B-4914-8E98-AB1D605BB5AE}"
EndProject
Global
	GlobalSection(SolutionConfigurationPlatforms) = preSolution
		Debug|Any CPU = Debug|Any CPU
		Release|Any CPU = Release|Any CPU
	EndGlobalSection
	GlobalSection(ProjectConfigurationPlatforms) = postSolution
		{D141AEB4-DFCF-4546-A7B8-8EFADCA6D9B6}.Debug|Any CPU.ActiveCfg = Debug|Any CPU
		{D141AEB4-DFCF-4546-A7B8-8EFADCA6D9B6}.Debug|Any CPU.Build.0 = Debug|Any CPU
		{D141AEB4-DFCF-4546-A7B8-8EFADCA6D9B6}.Release|Any CPU.ActiveCfg = Release|Any CPU
		{D141AEB4-DFCF-4546-A7B8-8EFADCA6D9B6}.Release|Any CPU.Build.0 = Release|Any CPU
		{1E65531F-0955-43EE-ABA3-CC306B2C2B16}.Debug|Any CPU.ActiveCfg = Debug|Any CPU
		{1E65531F-0955-43EE-ABA3-CC306B2C2B16}.Debug|Any CPU.Build.0 = Debug|Any CPU
		{1E65531F-0955-43EE-ABA3-CC306B2C2B16}.Release|Any CPU.ActiveCfg = Release|Any CPU
		{1E65531F-0955-43EE-ABA3-CC306B2C2B16}.Release|Any CPU.Build.0 = Release|Any CPU
		{155F783F-C097-4082-AC4B-A002706F154E}.Debug|Any CPU.ActiveCfg = Debug|Any CPU
		{155F783F-C097-4082-AC4B-A002706F154E}.Debug|Any CPU.Build.0 = Debug|Any CPU
		{155F783F-C097-4082-AC4B-A002706F154E}.Release|Any CPU.ActiveCfg = Release|Any CPU
		{155F783F-C097-4082-AC4B-A002706F154E}.Release|Any CPU.Build.0 = Release|Any CPU
		{C78303BD-320B-4914-8E98-AB1D605BB5AE}.Debug|Any CPU.ActiveCfg = Debug|Any CPU
		{C78303BD-320B-4914-8E98-AB1D605BB5AE}.Debug|Any CPU.Build.0 = Debug|Any CPU
		{C78303BD-320B-4914-8E98-AB1D605BB5AE}.Release|Any CPU.ActiveCfg = Release|Any CPU
		{C78303BD-320B-4914-8E98-AB1D605BB5AE}.Release|Any CPU.Build.0 = Release|Any CPU
	EndGlobalSection
	GlobalSection(SolutionProperties) = preSolution
		HideSolutionNode = FALSE
	EndGlobalSection
	GlobalSection(ExtensibilityGlobals) = postSolution
		SolutionGuid = {4C6B85CB-BF81-4CE6-A6AA-813BE084FB9C}
	EndGlobalSection
EndGlobal
